
Microsoft Visual Studio Solution File, Format Version 12.00
# Visual Studio Version 16
VisualStudioVersion = 16.0.31205.134
MinimumVisualStudioVersion = 10.0.40219.1
Project("{FAE04EC0-301F-11D3-BF4B-00C04F79EFBC}") = "Завдання 8", "Завдання 8\Завдання 8.csproj", "{5D4B2475-03E7-46E2-9325-C294E9020F18}"
EndProject
Global
	GlobalSection(SolutionConfigurationPlatforms) = preSolution
		Debug|Any CPU = Debug|Any CPU
		Release|Any CPU = Release|Any CPU
	EndGlobalSection
	GlobalSection(ProjectConfigurationPlatforms) = postSolution
		{5D4B2475-03E7-46E2-9325-C294E9020F18}.Debug|Any CPU.ActiveCfg = Debug|Any CPU
		{5D4B2475-03E7-46E2-9325-C294E9020F18}.Debug|Any CPU.Build.0 = Debug|Any CPU
		{5D4B2475-03E7-46E2-9325-C294E9020F18}.Release|Any CPU.ActiveCfg = Release|Any CPU
		{5D4B2475-03E7-46E2-9325-C294E9020F18}.Release|Any CPU.Build.0 = Release|Any CPU
	EndGlobalSection
	GlobalSection(SolutionProperties) = preSolution
		HideSolutionNode = FALSE
	EndGlobalSection
	GlobalSection(ExtensibilityGlobals) = postSolution
		SolutionGuid = {AC81F883-1710-4A00-8B3D-404746349075}
	EndGlobalSection
EndGlobal
