
Microsoft Visual Studio Solution File, Format Version 12.00
# Visual Studio Version 16
VisualStudioVersion = 16.0.31205.134
MinimumVisualStudioVersion = 10.0.40219.1
Project("{FAE04EC0-301F-11D3-BF4B-00C04F79EFBC}") = "Завдання№1", "Завдання№1\Завдання№1.csproj", "{B607D6F3-36F3-4C3B-BC78-3F69127813D1}"
EndProject
Global
	GlobalSection(SolutionConfigurationPlatforms) = preSolution
		Debug|Any CPU = Debug|Any CPU
		Release|Any CPU = Release|Any CPU
	EndGlobalSection
	GlobalSection(ProjectConfigurationPlatforms) = postSolution
		{B607D6F3-36F3-4C3B-BC78-3F69127813D1}.Debug|Any CPU.ActiveCfg = Debug|Any CPU
		{B607D6F3-36F3-4C3B-BC78-3F69127813D1}.Debug|Any CPU.Build.0 = Debug|Any CPU
		{B607D6F3-36F3-4C3B-BC78-3F69127813D1}.Release|Any CPU.ActiveCfg = Release|Any CPU
		{B607D6F3-36F3-4C3B-BC78-3F69127813D1}.Release|Any CPU.Build.0 = Release|Any CPU
	EndGlobalSection
	GlobalSection(SolutionProperties) = preSolution
		HideSolutionNode = FALSE
	EndGlobalSection
	GlobalSection(ExtensibilityGlobals) = postSolution
		SolutionGuid = {046E746D-970E-4632-B44B-7600F37BB68A}
	EndGlobalSection
EndGlobal
